
Microsoft Visual Studio Solution File, Format Version 12.00
# Visual Studio Express 2012 for Web
Project("{E24C65DC-7377-472B-9ABA-BC803B73C61A}") = "CustomClasses", "http://localhost:61711", "{0AE43586-0C93-4E48-87BC-C6097202FD42}"
	ProjectSection(WebsiteProperties) = preProject
		UseIISExpress = "true"
		TargetFrameworkMoniker = ".NETFramework,Version%3Dv4.5"
		Debug.AspNetCompiler.VirtualPath = "/localhost_61711"
		Debug.AspNetCompiler.PhysicalPath = "..\..\..\..\Desktop\aniket\2ASP_DEEP_DIVE_UDEMY\Section5\CustomClasses\"
		Debug.AspNetCompiler.TargetPath = "PrecompiledWeb\localhost_61711\"
		Debug.AspNetCompiler.Updateable = "true"
		Debug.AspNetCompiler.ForceOverwrite = "true"
		Debug.AspNetCompiler.FixedNames = "false"
		Debug.AspNetCompiler.Debug = "True"
		Release.AspNetCompiler.VirtualPath = "/localhost_61711"
		Release.AspNetCompiler.PhysicalPath = "..\..\..\..\Desktop\aniket\2ASP_DEEP_DIVE_UDEMY\Section5\CustomClasses\"
		Release.AspNetCompiler.TargetPath = "PrecompiledWeb\localhost_61711\"
		Release.AspNetCompiler.Updateable = "true"
		Release.AspNetCompiler.ForceOverwrite = "true"
		Release.AspNetCompiler.FixedNames = "false"
		Release.AspNetCompiler.Debug = "False"
		SlnRelativePath = "..\..\..\..\Desktop\aniket\2ASP_DEEP_DIVE_UDEMY\Section5\CustomClasses\"
		DefaultWebSiteLanguage = "Visual C#"
	EndProjectSection
EndProject
Global
	GlobalSection(SolutionConfigurationPlatforms) = preSolution
		Debug|Any CPU = Debug|Any CPU
	EndGlobalSection
	GlobalSection(ProjectConfigurationPlatforms) = postSolution
		{0AE43586-0C93-4E48-87BC-C6097202FD42}.Debug|Any CPU.ActiveCfg = Debug|Any CPU
		{0AE43586-0C93-4E48-87BC-C6097202FD42}.Debug|Any CPU.Build.0 = Debug|Any CPU
	EndGlobalSection
	GlobalSection(SolutionProperties) = preSolution
		HideSolutionNode = FALSE
	EndGlobalSection
EndGlobal
